
Microsoft Visual Studio Solution File, Format Version 12.00
# Visual Studio 15
VisualStudioVersion = 15.0.28307.421
MinimumVisualStudioVersion = 10.0.40219.1
Project("{2150E333-8FDC-42A3-9474-1A3956D46DE8}") = "Solution files", "Solution files", "{0D65245A-9D10-4A1F-A867-D9492B98BB31}"
	ProjectSection(SolutionItems) = preProject
		.gitignore = .gitignore
		LICENSE = LICENSE
		Readme.md = Readme.md
	EndProjectSection
EndProject
Project("{FAE04EC0-301F-11D3-BF4B-00C04F79EFBC}") = "HttpBinding", "HttpBinding\HttpBinding.csproj", "{F7B449DC-6EF8-4D7F-BE2C-C4085C0A064C}"
EndProject
Global
	GlobalSection(SolutionConfigurationPlatforms) = preSolution
		Debug|Any CPU = Debug|Any CPU
		Release|Any CPU = Release|Any CPU
	EndGlobalSection
	GlobalSection(ProjectConfigurationPlatforms) = postSolution
		{F7B449DC-6EF8-4D7F-BE2C-C4085C0A064C}.Debug|Any CPU.ActiveCfg = Debug|Any CPU
		{F7B449DC-6EF8-4D7F-BE2C-C4085C0A064C}.Debug|Any CPU.Build.0 = Debug|Any CPU
		{F7B449DC-6EF8-4D7F-BE2C-C4085C0A064C}.Release|Any CPU.ActiveCfg = Release|Any CPU
		{F7B449DC-6EF8-4D7F-BE2C-C4085C0A064C}.Release|Any CPU.Build.0 = Release|Any CPU
	EndGlobalSection
	GlobalSection(SolutionProperties) = preSolution
		HideSolutionNode = FALSE
	EndGlobalSection
	GlobalSection(ExtensibilityGlobals) = postSolution
		SolutionGuid = {A4D4352F-8108-4C6F-927B-713B4C87AF4A}
	EndGlobalSection
EndGlobal
